
Microsoft Visual Studio Solution File, Format Version 12.00
# Visual Studio Version 17
VisualStudioVersion = 17.0.32112.339
MinimumVisualStudioVersion = 10.0.40219.1
Project("{FAE04EC0-301F-11D3-BF4B-00C04F79EFBC}") = "MatrixLibrary", "MatrixLibrary\MatrixLibrary.csproj", "{5CB5422E-884D-4A17-A91D-4A5FCF65AFAA}"
EndProject
Project("{FAE04EC0-301F-11D3-BF4B-00C04F79EFBC}") = "TestMatrixLibrary", "TestMatrixLibrary\TestMatrixLibrary.csproj", "{82715803-FF74-4F1A-805A-85C7AC6DDFF0}"
EndProject
Global
	GlobalSection(SolutionConfigurationPlatforms) = preSolution
		Debug|Any CPU = Debug|Any CPU
		Release|Any CPU = Release|Any CPU
	EndGlobalSection
	GlobalSection(ProjectConfigurationPlatforms) = postSolution
		{5CB5422E-884D-4A17-A91D-4A5FCF65AFAA}.Debug|Any CPU.ActiveCfg = Debug|Any CPU
		{5CB5422E-884D-4A17-A91D-4A5FCF65AFAA}.Debug|Any CPU.Build.0 = Debug|Any CPU
		{5CB5422E-884D-4A17-A91D-4A5FCF65AFAA}.Release|Any CPU.ActiveCfg = Release|Any CPU
		{5CB5422E-884D-4A17-A91D-4A5FCF65AFAA}.Release|Any CPU.Build.0 = Release|Any CPU
		{82715803-FF74-4F1A-805A-85C7AC6DDFF0}.Debug|Any CPU.ActiveCfg = Debug|Any CPU
		{82715803-FF74-4F1A-805A-85C7AC6DDFF0}.Debug|Any CPU.Build.0 = Debug|Any CPU
		{82715803-FF74-4F1A-805A-85C7AC6DDFF0}.Release|Any CPU.ActiveCfg = Release|Any CPU
		{82715803-FF74-4F1A-805A-85C7AC6DDFF0}.Release|Any CPU.Build.0 = Release|Any CPU
	EndGlobalSection
	GlobalSection(SolutionProperties) = preSolution
		HideSolutionNode = FALSE
	EndGlobalSection
	GlobalSection(ExtensibilityGlobals) = postSolution
		SolutionGuid = {15C9D4C7-C65E-4634-A0D8-CFCDB38F545F}
	EndGlobalSection
EndGlobal
